// !$*UTF8*$!
{
	archiveVersion = 1;
	classes = {
	};
	objectVersion = 50;
	objects = {

/* Begin PBXBuildFile section */
		3F177B8A2453229E003EBEE5 /* AppDelegate.swift in Sources */ = {isa = PBXBuildFile; fileRef = 3F177B892453229E003EBEE5 /* AppDelegate.swift */; };
		3F177B8C2453229E003EBEE5 /* SceneDelegate.swift in Sources */ = {isa = PBXBuildFile; fileRef = 3F177B8B2453229E003EBEE5 /* SceneDelegate.swift */; };
		3F177B8E2453229E003EBEE5 /* ViewController.swift in Sources */ = {isa = PBXBuildFile; fileRef = 3F177B8D2453229E003EBEE5 /* ViewController.swift */; };
		3F177B912453229E003EBEE5 /* Main.storyboard in Resources */ = {isa = PBXBuildFile; fileRef = 3F177B8F2453229E003EBEE5 /* Main.storyboard */; };
		3F177B93245322A1003EBEE5 /* Assets.xcassets in Resources */ = {isa = PBXBuildFile; fileRef = 3F177B92245322A1003EBEE5 /* Assets.xcassets */; };
		3F177B96245322A1003EBEE5 /* LaunchScreen.storyboard in Resources */ = {isa = PBXBuildFile; fileRef = 3F177B94245322A1003EBEE5 /* LaunchScreen.storyboard */; };
		3F177B9E245328E7003EBEE5 /* The Clown (Episode C)-6o3s3kg8aQg.mp3 in Resources */ = {isa = PBXBuildFile; fileRef = 3F177B9D245328E7003EBEE5 /* The Clown (Episode C)-6o3s3kg8aQg.mp3 */; };
		3F177BA0245328F3003EBEE5 /* ＳＴＩＬＬ　 ＴＩＰＰＩＮ°-WDWPVXxJOi8.mp3 in Resources */ = {isa = PBXBuildFile; fileRef = 3F177B9F245328F3003EBEE5 /* ＳＴＩＬＬ　 ＴＩＰＰＩＮ°-WDWPVXxJOi8.mp3 */; };
		3F177BA424532EC0003EBEE5 /* SimpleSound.swift in Sources */ = {isa = PBXBuildFile; fileRef = 3F177BA324532EC0003EBEE5 /* SimpleSound.swift */; };
		3F177BA62453307C003EBEE5 /* Tuamie - Who Am I to Tell You Pt3-gfP6NwBzZpk.mp3 in Resources */ = {isa = PBXBuildFile; fileRef = 3F177BA52453307C003EBEE5 /* Tuamie - Who Am I to Tell You Pt3-gfP6NwBzZpk.mp3 */; };
		3F177BA8245330DE003EBEE5 /* bruh.mp3 in Resources */ = {isa = PBXBuildFile; fileRef = 3F177BA7245330DE003EBEE5 /* bruh.mp3 */; };
		3F177BAA24533199003EBEE5 /* meow.m4a in Resources */ = {isa = PBXBuildFile; fileRef = 3F177BA924533199003EBEE5 /* meow.m4a */; };
/* End PBXBuildFile section */

/* Begin PBXFileReference section */
		3F177B862453229E003EBEE5 /* AnimalSounds.app */ = {isa = PBXFileReference; explicitFileType = wrapper.application; includeInIndex = 0; path = AnimalSounds.app; sourceTree = BUILT_PRODUCTS_DIR; };
		3F177B892453229E003EBEE5 /* AppDelegate.swift */ = {isa = PBXFileReference; lastKnownFileType = sourcecode.swift; path = AppDelegate.swift; sourceTree = "<group>"; };
		3F177B8B2453229E003EBEE5 /* SceneDelegate.swift */ = {isa = PBXFileReference; lastKnownFileType = sourcecode.swift; path = SceneDelegate.swift; sourceTree = "<group>"; };
		3F177B8D2453229E003EBEE5 /* ViewController.swift */ = {isa = PBXFileReference; lastKnownFileType = sourcecode.swift; path = ViewController.swift; sourceTree = "<group>"; };
		3F177B902453229E003EBEE5 /* Base */ = {isa = PBXFileReference; lastKnownFileType = file.storyboard; name = Base; path = Base.lproj/Main.storyboard; sourceTree = "<group>"; };
		3F177B92245322A1003EBEE5 /* Assets.xcassets */ = {isa = PBXFileReference; lastKnownFileType = folder.assetcatalog; path = Assets.xcassets; sourceTree = "<group>"; };
		3F177B95245322A1003EBEE5 /* Base */ = {isa = PBXFileReference; lastKnownFileType = file.storyboard; name = Base; path = Base.lproj/LaunchScreen.storyboard; sourceTree = "<group>"; };
		3F177B97245322A1003EBEE5 /* Info.plist */ = {isa = PBXFileReference; lastKnownFileType = text.plist.xml; path = Info.plist; sourceTree = "<group>"; };
		3F177B9D245328E7003EBEE5 /* The Clown (Episode C)-6o3s3kg8aQg.mp3 */ = {isa = PBXFileReference; lastKnownFileType = audio.mp3; name = "The Clown (Episode C)-6o3s3kg8aQg.mp3"; path = "../../../../../Desktop/The Clown (Episode C)-6o3s3kg8aQg.mp3"; sourceTree = "<group>"; };
		3F177B9F245328F3003EBEE5 /* ＳＴＩＬＬ　 ＴＩＰＰＩＮ°-WDWPVXxJOi8.mp3 */ = {isa = PBXFileReference; lastKnownFileType = audio.mp3; name = "ＳＴＩＬＬ　 ＴＩＰＰＩＮ°-WDWPVXxJOi8.mp3"; path = "../../../../../Desktop/ＳＴＩＬＬ　 ＴＩＰＰＩＮ°-WDWPVXxJOi8.mp3"; sourceTree = "<group>"; };
		3F177BA324532EC0003EBEE5 /* SimpleSound.swift */ = {isa = PBXFileReference; fileEncoding = 4; lastKnownFileType = sourcecode.swift; path = SimpleSound.swift; sourceTree = "<group>"; };
		3F177BA52453307C003EBEE5 /* Tuamie - Who Am I to Tell You Pt3-gfP6NwBzZpk.mp3 */ = {isa = PBXFileReference; lastKnownFileType = audio.mp3; path = "Tuamie - Who Am I to Tell You Pt3-gfP6NwBzZpk.mp3"; sourceTree = "<group>"; };
		3F177BA7245330DE003EBEE5 /* bruh.mp3 */ = {isa = PBXFileReference; lastKnownFileType = audio.mp3; path = bruh.mp3; sourceTree = "<group>"; };
		3F177BA924533199003EBEE5 /* meow.m4a */ = {isa = PBXFileReference; lastKnownFileType = file; path = meow.m4a; sourceTree = "<group>"; };
/* End PBXFileReference section */

/* Begin PBXFrameworksBuildPhase section */
		3F177B832453229E003EBEE5 /* Frameworks */ = {
			isa = PBXFrameworksBuildPhase;
			buildActionMask = 2147483647;
			files = (
			);
			runOnlyForDeploymentPostprocessing = 0;
		};
/* End PBXFrameworksBuildPhase section */

/* Begin PBXGroup section */
		3F177B7D2453229E003EBEE5 = {
			isa = PBXGroup;
			children = (
				3F177B882453229E003EBEE5 /* AnimalSounds */,
				3F177B872453229E003EBEE5 /* Products */,
			);
			sourceTree = "<group>";
		};
		3F177B872453229E003EBEE5 /* Products */ = {
			isa = PBXGroup;
			children = (
				3F177B862453229E003EBEE5 /* AnimalSounds.app */,
			);
			name = Products;
			sourceTree = "<group>";
		};
		3F177B882453229E003EBEE5 /* AnimalSounds */ = {
			isa = PBXGroup;
			children = (
				3F177B892453229E003EBEE5 /* AppDelegate.swift */,
				3F177B8B2453229E003EBEE5 /* SceneDelegate.swift */,
				3F177B8D2453229E003EBEE5 /* ViewController.swift */,
				3F177B8F2453229E003EBEE5 /* Main.storyboard */,
				3F177B92245322A1003EBEE5 /* Assets.xcassets */,
				3F177B94245322A1003EBEE5 /* LaunchScreen.storyboard */,
				3F177B9F245328F3003EBEE5 /* ＳＴＩＬＬ　 ＴＩＰＰＩＮ°-WDWPVXxJOi8.mp3 */,
				3F177B9D245328E7003EBEE5 /* The Clown (Episode C)-6o3s3kg8aQg.mp3 */,
				3F177BA52453307C003EBEE5 /* Tuamie - Who Am I to Tell You Pt3-gfP6NwBzZpk.mp3 */,
				3F177BA7245330DE003EBEE5 /* bruh.mp3 */,
				3F177BA324532EC0003EBEE5 /* SimpleSound.swift */,
				3F177BA924533199003EBEE5 /* meow.m4a */,
				3F177B97245322A1003EBEE5 /* Info.plist */,
			);
			path = AnimalSounds;
			sourceTree = "<group>";
		};
/* End PBXGroup section */

/* Begin PBXNativeTarget section */
		3F177B852453229E003EBEE5 /* AnimalSounds */ = {
			isa = PBXNativeTarget;
			buildConfigurationList = 3F177B9A245322A1003EBEE5 /* Build configuration list for PBXNativeTarget "AnimalSounds" */;
			buildPhases = (
				3F177B822453229E003EBEE5 /* Sources */,
				3F177B832453229E003EBEE5 /* Frameworks */,
				3F177B842453229E003EBEE5 /* Resources */,
			);
			buildRules = (
			);
			dependencies = (
			);
			name = AnimalSounds;
			productName = AnimalSounds;
			productReference = 3F177B862453229E003EBEE5 /* AnimalSounds.app */;
			productType = "com.apple.product-type.application";
		};
/* End PBXNativeTarget section */

/* Begin PBXProject section */
		3F177B7E2453229E003EBEE5 /* Project object */ = {
			isa = PBXProject;
			attributes = {
				LastSwiftUpdateCheck = 1140;
				LastUpgradeCheck = 1140;
				ORGANIZATIONNAME = Student;
				TargetAttributes = {
					3F177B852453229E003EBEE5 = {
						CreatedOnToolsVersion = 11.4.1;
					};
				};
			};
			buildConfigurationList = 3F177B812453229E003EBEE5 /* Build configuration list for PBXProject "AnimalSounds" */;
			compatibilityVersion = "Xcode 9.3";
			developmentRegion = en;
			hasScannedForEncodings = 0;
			knownRegions = (
				en,
				Base,
			);
			mainGroup = 3F177B7D2453229E003EBEE5;
			productRefGroup = 3F177B872453229E003EBEE5 /* Products */;
			projectDirPath = "";
			projectRoot = "";
			targets = (
				3F177B852453229E003EBEE5 /* AnimalSounds */,
			);
		};
/* End PBXProject section */

/* Begin PBXResourcesBuildPhase section */
		3F177B842453229E003EBEE5 /* Resources */ = {
			isa = PBXResourcesBuildPhase;
			buildActionMask = 2147483647;
			files = (
				3F177BAA24533199003EBEE5 /* meow.m4a in Resources */,
				3F177B96245322A1003EBEE5 /* LaunchScreen.storyboard in Resources */,
				3F177B93245322A1003EBEE5 /* Assets.xcassets in Resources */,
				3F177BA62453307C003EBEE5 /* Tuamie - Who Am I to Tell You Pt3-gfP6NwBzZpk.mp3 in Resources */,
				3F177BA0245328F3003EBEE5 /* ＳＴＩＬＬ　 ＴＩＰＰＩＮ°-WDWPVXxJOi8.mp3 in Resources */,
				3F177BA8245330DE003EBEE5 /* bruh.mp3 in Resources */,
				3F177B9E245328E7003EBEE5 /* The Clown (Episode C)-6o3s3kg8aQg.mp3 in Resources */,
				3F177B912453229E003EBEE5 /* Main.storyboard in Resources */,
			);
			runOnlyForDeploymentPostprocessing = 0;
		};
/* End PBXResourcesBuildPhase section */

/* Begin PBXSourcesBuildPhase section */
		3F177B822453229E003EBEE5 /* Sources */ = {
			isa = PBXSourcesBuildPhase;
			buildActionMask = 2147483647;
			files = (
				3F177B8E2453229E003EBEE5 /* ViewController.swift in Sources */,
				3F177B8A2453229E003EBEE5 /* AppDelegate.swift in Sources */,
				3F177B8C2453229E003EBEE5 /* SceneDelegate.swift in Sources */,
				3F177BA424532EC0003EBEE5 /* SimpleSound.swift in Sources */,
			);
			runOnlyForDeploymentPostprocessing = 0;
		};
/* End PBXSourcesBuildPhase section */

/* Begin PBXVariantGroup section */
		3F177B8F2453229E003EBEE5 /* Main.storyboard */ = {
			isa = PBXVariantGroup;
			children = (
				3F177B902453229E003EBEE5 /* Base */,
			);
			name = Main.storyboard;
			sourceTree = "<group>";
		};
		3F177B94245322A1003EBEE5 /* LaunchScreen.storyboard */ = {
			isa = PBXVariantGroup;
			children = (
				3F177B95245322A1003EBEE5 /* Base */,
			);
			name = LaunchScreen.storyboard;
			sourceTree = "<group>";
		};
/* End PBXVariantGroup section */

/* Begin XCBuildConfiguration section */
		3F177B98245322A1003EBEE5 /* Debug */ = {
			isa = XCBuildConfiguration;
			buildSettings = {
				ALWAYS_SEARCH_USER_PATHS = NO;
				CLANG_ANALYZER_NONNULL = YES;
				CLANG_ANALYZER_NUMBER_OBJECT_CONVERSION = YES_AGGRESSIVE;
				CLANG_CXX_LANGUAGE_STANDARD = "gnu++14";
				CLANG_CXX_LIBRARY = "libc++";
				CLANG_ENABLE_MODULES = YES;
				CLANG_ENABLE_OBJC_ARC = YES;
				CLANG_ENABLE_OBJC_WEAK = YES;
				CLANG_WARN_BLOCK_CAPTURE_AUTORELEASING = YES;
				CLANG_WARN_BOOL_CONVERSION = YES;
				CLANG_WARN_COMMA = YES;
				CLANG_WARN_CONSTANT_CONVERSION = YES;
				CLANG_WARN_DEPRECATED_OBJC_IMPLEMENTATIONS = YES;
				CLANG_WARN_DIRECT_OBJC_ISA_USAGE = YES_ERROR;
				CLANG_WARN_DOCUMENTATION_COMMENTS = YES;
				CLANG_WARN_EMPTY_BODY = YES;
				CLANG_WARN_ENUM_CONVERSION = YES;
				CLANG_WARN_INFINITE_RECURSION = YES;
				CLANG_WARN_INT_CONVERSION = YES;
				CLANG_WARN_NON_LITERAL_NULL_CONVERSION = YES;
				CLANG_WARN_OBJC_IMPLICIT_RETAIN_SELF = YES;
				CLANG_WARN_OBJC_LITERAL_CONVERSION = YES;
				CLANG_WARN_OBJC_ROOT_CLASS = YES_ERROR;
				CLANG_WARN_RANGE_LOOP_ANALYSIS = YES;
				CLANG_WARN_STRICT_PROTOTYPES = YES;
				CLANG_WARN_SUSPICIOUS_MOVE = YES;
				CLANG_WARN_UNGUARDED_AVAILABILITY = YES_AGGRESSIVE;
				CLANG_WARN_UNREACHABLE_CODE = YES;
				CLANG_WARN__DUPLICATE_METHOD_MATCH = YES;
				COPY_PHASE_STRIP = NO;
				DEBUG_INFORMATION_FORMAT = dwarf;
				ENABLE_STRICT_OBJC_MSGSEND = YES;
				ENABLE_TESTABILITY = YES;
				GCC_C_LANGUAGE_STANDARD = gnu11;
				GCC_DYNAMIC_NO_PIC = NO;
				GCC_NO_COMMON_BLOCKS = YES;
				GCC_OPTIMIZATION_LEVEL = 0;
				GCC_PREPROCESSOR_DEFINITIONS = (
					"DEBUG=1",
					"$(inherited)",
				);
				GCC_WARN_64_TO_32_BIT_CONVERSION = YES;
				GCC_WARN_ABOUT_RETURN_TYPE = YES_ERROR;
				GCC_WARN_UNDECLARED_SELECTOR = YES;
				GCC_WARN_UNINITIALIZED_AUTOS = YES_AGGRESSIVE;
				GCC_WARN_UNUSED_FUNCTION = YES;
				GCC_WARN_UNUSED_VARIABLE = YES;
				IPHONEOS_DEPLOYMENT_TARGET = 13.4;
				MTL_ENABLE_DEBUG_INFO = INCLUDE_SOURCE;
				MTL_FAST_MATH = YES;
				ONLY_ACTIVE_ARCH = YES;
				SDKROOT = iphoneos;
				SWIFT_ACTIVE_COMPILATION_CONDITIONS = DEBUG;
				SWIFT_OPTIMIZATION_LEVEL = "-Onone";
			};
			name = Debug;
		};
		3F177B99245322A1003EBEE5 /* Release */ = {
			isa = XCBuildConfiguration;
			buildSettings = {
				ALWAYS_SEARCH_USER_PATHS = NO;
				CLANG_ANALYZER_NONNULL = YES;
				CLANG_ANALYZER_NUMBER_OBJECT_CONVERSION = YES_AGGRESSIVE;
				CLANG_CXX_LANGUAGE_STANDARD = "gnu++14";
				CLANG_CXX_LIBRARY = "libc++";
				CLANG_ENABLE_MODULES = YES;
				CLANG_ENABLE_OBJC_ARC = YES;
				CLANG_ENABLE_OBJC_WEAK = YES;
				CLANG_WARN_BLOCK_CAPTURE_AUTORELEASING = YES;
				CLANG_WARN_BOOL_CONVERSION = YES;
				CLANG_WARN_COMMA = YES;
				CLANG_WARN_CONSTANT_CONVERSION = YES;
				CLANG_WARN_DEPRECATED_OBJC_IMPLEMENTATIONS = YES;
				CLANG_WARN_DIRECT_OBJC_ISA_USAGE = YES_ERROR;
				CLANG_WARN_DOCUMENTATION_COMMENTS = YES;
				CLANG_WARN_EMPTY_BODY = YES;
				CLANG_WARN_ENUM_CONVERSION = YES;
				CLANG_WARN_INFINITE_RECURSION = YES;
				CLANG_WARN_INT_CONVERSION = YES;
				CLANG_WARN_NON_LITERAL_NULL_CONVERSION = YES;
				CLANG_WARN_OBJC_IMPLICIT_RETAIN_SELF = YES;
				CLANG_WARN_OBJC_LITERAL_CONVERSION = YES;
				CLANG_WARN_OBJC_ROOT_CLASS = YES_ERROR;
				CLANG_WARN_RANGE_LOOP_ANALYSIS = YES;
				CLANG_WARN_STRICT_PROTOTYPES = YES;
				CLANG_WARN_SUSPICIOUS_MOVE = YES;
				CLANG_WARN_UNGUARDED_AVAILABILITY = YES_AGGRESSIVE;
				CLANG_WARN_UNREACHABLE_CODE = YES;
				CLANG_WARN__DUPLICATE_METHOD_MATCH = YES;
				COPY_PHASE_STRIP = NO;
				DEBUG_INFORMATION_FORMAT = "dwarf-with-dsym";
				ENABLE_NS_ASSERTIONS = NO;
				ENABLE_STRICT_OBJC_MSGSEND = YES;
				GCC_C_LANGUAGE_STANDARD = gnu11;
				GCC_NO_COMMON_BLOCKS = YES;
				GCC_WARN_64_TO_32_BIT_CONVERSION = YES;
				GCC_WARN_ABOUT_RETURN_TYPE = YES_ERROR;
				GCC_WARN_UNDECLARED_SELECTOR = YES;
				GCC_WARN_UNINITIALIZED_AUTOS = YES_AGGRESSIVE;
				GCC_WARN_UNUSED_FUNCTION = YES;
				GCC_WARN_UNUSED_VARIABLE = YES;
				IPHONEOS_DEPLOYMENT_TARGET = 13.4;
				MTL_ENABLE_DEBUG_INFO = NO;
				MTL_FAST_MATH = YES;
				SDKROOT = iphoneos;
				SWIFT_COMPILATION_MODE = wholemodule;
				SWIFT_OPTIMIZATION_LEVEL = "-O";
				VALIDATE_PRODUCT = YES;
			};
			name = Release;
		};
		3F177B9B245322A1003EBEE5 /* Debug */ = {
			isa = XCBuildConfiguration;
			buildSettings = {
				ASSETCATALOG_COMPILER_APPICON_NAME = AppIcon;
				CODE_SIGN_STYLE = Automatic;
				INFOPLIST_FILE = AnimalSounds/Info.plist;
				LD_RUNPATH_SEARCH_PATHS = (
					"$(inherited)",
					"@executable_path/Frameworks",
				);
				PRODUCT_BUNDLE_IDENTIFIER = "Meadowvale-Secondary.AnimalSounds";
				PRODUCT_NAME = "$(TARGET_NAME)";
				SWIFT_VERSION = 5.0;
				TARGETED_DEVICE_FAMILY = "1,2";
			};
			name = Debug;
		};
		3F177B9C245322A1003EBEE5 /* Release */ = {
			isa = XCBuildConfiguration;
			buildSettings = {
				ASSETCATALOG_COMPILER_APPICON_NAME = AppIcon;
				CODE_SIGN_STYLE = Automatic;
				INFOPLIST_FILE = AnimalSounds/Info.plist;
				LD_RUNPATH_SEARCH_PATHS = (
					"$(inherited)",
					"@executable_path/Frameworks",
				);
				PRODUCT_BUNDLE_IDENTIFIER = "Meadowvale-Secondary.AnimalSounds";
				PRODUCT_NAME = "$(TARGET_NAME)";
				SWIFT_VERSION = 5.0;
				TARGETED_DEVICE_FAMILY = "1,2";
			};
			name = Release;
		};
/* End XCBuildConfiguration section */

/* Begin XCConfigurationList section */
		3F177B812453229E003EBEE5 /* Build configuration list for PBXProject "AnimalSounds" */ = {
			isa = XCConfigurationList;
			buildConfigurations = (
				3F177B98245322A1003EBEE5 /* Debug */,
				3F177B99245322A1003EBEE5 /* Release */,
			);
			defaultConfigurationIsVisible = 0;
			defaultConfigurationName = Release;
		};
		3F177B9A245322A1003EBEE5 /* Build configuration list for PBXNativeTarget "AnimalSounds" */ = {
			isa = XCConfigurationList;
			buildConfigurations = (
				3F177B9B245322A1003EBEE5 /* Debug */,
				3F177B9C245322A1003EBEE5 /* Release */,
			);
			defaultConfigurationIsVisible = 0;
			defaultConfigurationName = Release;
		};
/* End XCConfigurationList section */
	};
	rootObject = 3F177B7E2453229E003EBEE5 /* Project object */;
}
